
Microsoft Visual Studio Solution File, Format Version 11.00
# Visual Studio 2010
Project("{FAE04EC0-301F-11D3-BF4B-00C04F79EFBC}") = "Porter", "Porter\Porter.csproj", "{1091B419-F660-4781-8981-1BC3D9F4C0CD}"
EndProject
Project("{8BC9CEB8-8B4A-11D0-8D11-00A0C91BC942}") = "Plauncher2", "..\Plauncher2\Plauncher2\Plauncher2.vcxproj", "{EE2F7911-2CF6-4B7E-B96D-CFBF8AEC6F5C}"
EndProject
Project("{1863889A-00DF-4350-BA39-669CA949CB81}") = "Porter Web", "Porter\bin\Debug\data\web\Porter Web.phpproj", "{3EE8DA9E-CB3E-4AFA-B15E-F84DEA963A48}"
EndProject
Global
	GlobalSection(SolutionConfigurationPlatforms) = preSolution
		Debug|Any CPU = Debug|Any CPU
		Debug|Mixed Platforms = Debug|Mixed Platforms
		Debug|PHP 5.3 = Debug|PHP 5.3
		Debug|Win32 = Debug|Win32
		Local|Any CPU = Local|Any CPU
		Local|Mixed Platforms = Local|Mixed Platforms
		Local|PHP 5.3 = Local|PHP 5.3
		Local|Win32 = Local|Win32
		Production|Any CPU = Production|Any CPU
		Production|Mixed Platforms = Production|Mixed Platforms
		Production|PHP 5.3 = Production|PHP 5.3
		Production|Win32 = Production|Win32
		Release|Any CPU = Release|Any CPU
		Release|Mixed Platforms = Release|Mixed Platforms
		Release|PHP 5.3 = Release|PHP 5.3
		Release|Win32 = Release|Win32
		Staging|Any CPU = Staging|Any CPU
		Staging|Mixed Platforms = Staging|Mixed Platforms
		Staging|PHP 5.3 = Staging|PHP 5.3
		Staging|Win32 = Staging|Win32
	EndGlobalSection
	GlobalSection(ProjectConfigurationPlatforms) = postSolution
		{1091B419-F660-4781-8981-1BC3D9F4C0CD}.Debug|Any CPU.ActiveCfg = Debug|Any CPU
		{1091B419-F660-4781-8981-1BC3D9F4C0CD}.Debug|Any CPU.Build.0 = Debug|Any CPU
		{1091B419-F660-4781-8981-1BC3D9F4C0CD}.Debug|Mixed Platforms.ActiveCfg = Debug|Any CPU
		{1091B419-F660-4781-8981-1BC3D9F4C0CD}.Debug|Mixed Platforms.Build.0 = Debug|Any CPU
		{1091B419-F660-4781-8981-1BC3D9F4C0CD}.Debug|PHP 5.3.ActiveCfg = Debug|Any CPU
		{1091B419-F660-4781-8981-1BC3D9F4C0CD}.Debug|Win32.ActiveCfg = Debug|Any CPU
		{1091B419-F660-4781-8981-1BC3D9F4C0CD}.Local|Any CPU.ActiveCfg = Release|Any CPU
		{1091B419-F660-4781-8981-1BC3D9F4C0CD}.Local|Any CPU.Build.0 = Release|Any CPU
		{1091B419-F660-4781-8981-1BC3D9F4C0CD}.Local|Mixed Platforms.ActiveCfg = Release|Any CPU
		{1091B419-F660-4781-8981-1BC3D9F4C0CD}.Local|Mixed Platforms.Build.0 = Release|Any CPU
		{1091B419-F660-4781-8981-1BC3D9F4C0CD}.Local|PHP 5.3.ActiveCfg = Release|Any CPU
		{1091B419-F660-4781-8981-1BC3D9F4C0CD}.Local|Win32.ActiveCfg = Release|Any CPU
		{1091B419-F660-4781-8981-1BC3D9F4C0CD}.Production|Any CPU.ActiveCfg = Release|Any CPU
		{1091B419-F660-4781-8981-1BC3D9F4C0CD}.Production|Any CPU.Build.0 = Release|Any CPU
		{1091B419-F660-4781-8981-1BC3D9F4C0CD}.Production|Mixed Platforms.ActiveCfg = Release|Any CPU
		{1091B419-F660-4781-8981-1BC3D9F4C0CD}.Production|Mixed Platforms.Build.0 = Release|Any CPU
		{1091B419-F660-4781-8981-1BC3D9F4C0CD}.Production|PHP 5.3.ActiveCfg = Release|Any CPU
		{1091B419-F660-4781-8981-1BC3D9F4C0CD}.Production|Win32.ActiveCfg = Release|Any CPU
		{1091B419-F660-4781-8981-1BC3D9F4C0CD}.Release|Any CPU.ActiveCfg = Release|Any CPU
		{1091B419-F660-4781-8981-1BC3D9F4C0CD}.Release|Any CPU.Build.0 = Release|Any CPU
		{1091B419-F660-4781-8981-1BC3D9F4C0CD}.Release|Mixed Platforms.ActiveCfg = Release|Any CPU
		{1091B419-F660-4781-8981-1BC3D9F4C0CD}.Release|Mixed Platforms.Build.0 = Release|Any CPU
		{1091B419-F660-4781-8981-1BC3D9F4C0CD}.Release|PHP 5.3.ActiveCfg = Release|Any CPU
		{1091B419-F660-4781-8981-1BC3D9F4C0CD}.Release|Win32.ActiveCfg = Release|Any CPU
		{1091B419-F660-4781-8981-1BC3D9F4C0CD}.Staging|Any CPU.ActiveCfg = Release|Any CPU
		{1091B419-F660-4781-8981-1BC3D9F4C0CD}.Staging|Any CPU.Build.0 = Release|Any CPU
		{1091B419-F660-4781-8981-1BC3D9F4C0CD}.Staging|Mixed Platforms.ActiveCfg = Release|Any CPU
		{1091B419-F660-4781-8981-1BC3D9F4C0CD}.Staging|Mixed Platforms.Build.0 = Release|Any CPU
		{1091B419-F660-4781-8981-1BC3D9F4C0CD}.Staging|PHP 5.3.ActiveCfg = Release|Any CPU
		{1091B419-F660-4781-8981-1BC3D9F4C0CD}.Staging|Win32.ActiveCfg = Release|Any CPU
		{EE2F7911-2CF6-4B7E-B96D-CFBF8AEC6F5C}.Debug|Any CPU.ActiveCfg = Debug|Win32
		{EE2F7911-2CF6-4B7E-B96D-CFBF8AEC6F5C}.Debug|Mixed Platforms.ActiveCfg = Debug|Win32
		{EE2F7911-2CF6-4B7E-B96D-CFBF8AEC6F5C}.Debug|Mixed Platforms.Build.0 = Debug|Win32
		{EE2F7911-2CF6-4B7E-B96D-CFBF8AEC6F5C}.Debug|PHP 5.3.ActiveCfg = Debug|Win32
		{EE2F7911-2CF6-4B7E-B96D-CFBF8AEC6F5C}.Debug|Win32.ActiveCfg = Debug|Win32
		{EE2F7911-2CF6-4B7E-B96D-CFBF8AEC6F5C}.Debug|Win32.Build.0 = Debug|Win32
		{EE2F7911-2CF6-4B7E-B96D-CFBF8AEC6F5C}.Local|Any CPU.ActiveCfg = Release|Win32
		{EE2F7911-2CF6-4B7E-B96D-CFBF8AEC6F5C}.Local|Mixed Platforms.ActiveCfg = Release|Win32
		{EE2F7911-2CF6-4B7E-B96D-CFBF8AEC6F5C}.Local|Mixed Platforms.Build.0 = Release|Win32
		{EE2F7911-2CF6-4B7E-B96D-CFBF8AEC6F5C}.Local|PHP 5.3.ActiveCfg = Release|Win32
		{EE2F7911-2CF6-4B7E-B96D-CFBF8AEC6F5C}.Local|Win32.ActiveCfg = Release|Win32
		{EE2F7911-2CF6-4B7E-B96D-CFBF8AEC6F5C}.Local|Win32.Build.0 = Release|Win32
		{EE2F7911-2CF6-4B7E-B96D-CFBF8AEC6F5C}.Production|Any CPU.ActiveCfg = Release|Win32
		{EE2F7911-2CF6-4B7E-B96D-CFBF8AEC6F5C}.Production|Mixed Platforms.ActiveCfg = Release|Win32
		{EE2F7911-2CF6-4B7E-B96D-CFBF8AEC6F5C}.Production|Mixed Platforms.Build.0 = Release|Win32
		{EE2F7911-2CF6-4B7E-B96D-CFBF8AEC6F5C}.Production|PHP 5.3.ActiveCfg = Release|Win32
		{EE2F7911-2CF6-4B7E-B96D-CFBF8AEC6F5C}.Production|Win32.ActiveCfg = Release|Win32
		{EE2F7911-2CF6-4B7E-B96D-CFBF8AEC6F5C}.Production|Win32.Build.0 = Release|Win32
		{EE2F7911-2CF6-4B7E-B96D-CFBF8AEC6F5C}.Release|Any CPU.ActiveCfg = Release|Win32
		{EE2F7911-2CF6-4B7E-B96D-CFBF8AEC6F5C}.Release|Mixed Platforms.ActiveCfg = Release|Win32
		{EE2F7911-2CF6-4B7E-B96D-CFBF8AEC6F5C}.Release|Mixed Platforms.Build.0 = Release|Win32
		{EE2F7911-2CF6-4B7E-B96D-CFBF8AEC6F5C}.Release|PHP 5.3.ActiveCfg = Release|Win32
		{EE2F7911-2CF6-4B7E-B96D-CFBF8AEC6F5C}.Release|Win32.ActiveCfg = Release|Win32
		{EE2F7911-2CF6-4B7E-B96D-CFBF8AEC6F5C}.Release|Win32.Build.0 = Release|Win32
		{EE2F7911-2CF6-4B7E-B96D-CFBF8AEC6F5C}.Staging|Any CPU.ActiveCfg = Release|Win32
		{EE2F7911-2CF6-4B7E-B96D-CFBF8AEC6F5C}.Staging|Mixed Platforms.ActiveCfg = Release|Win32
		{EE2F7911-2CF6-4B7E-B96D-CFBF8AEC6F5C}.Staging|Mixed Platforms.Build.0 = Release|Win32
		{EE2F7911-2CF6-4B7E-B96D-CFBF8AEC6F5C}.Staging|PHP 5.3.ActiveCfg = Release|Win32
		{EE2F7911-2CF6-4B7E-B96D-CFBF8AEC6F5C}.Staging|Win32.ActiveCfg = Release|Win32
		{EE2F7911-2CF6-4B7E-B96D-CFBF8AEC6F5C}.Staging|Win32.Build.0 = Release|Win32
		{3EE8DA9E-CB3E-4AFA-B15E-F84DEA963A48}.Debug|Any CPU.ActiveCfg = Production|PHP 5.3
		{3EE8DA9E-CB3E-4AFA-B15E-F84DEA963A48}.Debug|Mixed Platforms.ActiveCfg = Production|PHP 5.3
		{3EE8DA9E-CB3E-4AFA-B15E-F84DEA963A48}.Debug|Mixed Platforms.Deploy.0 = Production|PHP 5.3
		{3EE8DA9E-CB3E-4AFA-B15E-F84DEA963A48}.Debug|PHP 5.3.ActiveCfg = Production|PHP 5.3
		{3EE8DA9E-CB3E-4AFA-B15E-F84DEA963A48}.Debug|PHP 5.3.Deploy.0 = Production|PHP 5.3
		{3EE8DA9E-CB3E-4AFA-B15E-F84DEA963A48}.Debug|Win32.ActiveCfg = Production|PHP 5.3
		{3EE8DA9E-CB3E-4AFA-B15E-F84DEA963A48}.Local|Any CPU.ActiveCfg = Local|PHP 5.3
		{3EE8DA9E-CB3E-4AFA-B15E-F84DEA963A48}.Local|Mixed Platforms.ActiveCfg = Local|PHP 5.3
		{3EE8DA9E-CB3E-4AFA-B15E-F84DEA963A48}.Local|Mixed Platforms.Deploy.0 = Local|PHP 5.3
		{3EE8DA9E-CB3E-4AFA-B15E-F84DEA963A48}.Local|PHP 5.3.ActiveCfg = Local|PHP 5.3
		{3EE8DA9E-CB3E-4AFA-B15E-F84DEA963A48}.Local|PHP 5.3.Deploy.0 = Local|PHP 5.3
		{3EE8DA9E-CB3E-4AFA-B15E-F84DEA963A48}.Local|Win32.ActiveCfg = Local|PHP 5.3
		{3EE8DA9E-CB3E-4AFA-B15E-F84DEA963A48}.Production|Any CPU.ActiveCfg = Production|PHP 5.3
		{3EE8DA9E-CB3E-4AFA-B15E-F84DEA963A48}.Production|Mixed Platforms.ActiveCfg = Production|PHP 5.3
		{3EE8DA9E-CB3E-4AFA-B15E-F84DEA963A48}.Production|Mixed Platforms.Deploy.0 = Production|PHP 5.3
		{3EE8DA9E-CB3E-4AFA-B15E-F84DEA963A48}.Production|PHP 5.3.ActiveCfg = Production|PHP 5.3
		{3EE8DA9E-CB3E-4AFA-B15E-F84DEA963A48}.Production|PHP 5.3.Deploy.0 = Production|PHP 5.3
		{3EE8DA9E-CB3E-4AFA-B15E-F84DEA963A48}.Production|Win32.ActiveCfg = Production|PHP 5.3
		{3EE8DA9E-CB3E-4AFA-B15E-F84DEA963A48}.Release|Any CPU.ActiveCfg = Production|PHP 5.3
		{3EE8DA9E-CB3E-4AFA-B15E-F84DEA963A48}.Release|Mixed Platforms.ActiveCfg = Production|PHP 5.3
		{3EE8DA9E-CB3E-4AFA-B15E-F84DEA963A48}.Release|Mixed Platforms.Deploy.0 = Production|PHP 5.3
		{3EE8DA9E-CB3E-4AFA-B15E-F84DEA963A48}.Release|PHP 5.3.ActiveCfg = Production|PHP 5.3
		{3EE8DA9E-CB3E-4AFA-B15E-F84DEA963A48}.Release|PHP 5.3.Deploy.0 = Production|PHP 5.3
		{3EE8DA9E-CB3E-4AFA-B15E-F84DEA963A48}.Release|Win32.ActiveCfg = Production|PHP 5.3
		{3EE8DA9E-CB3E-4AFA-B15E-F84DEA963A48}.Staging|Any CPU.ActiveCfg = Staging|PHP 5.3
		{3EE8DA9E-CB3E-4AFA-B15E-F84DEA963A48}.Staging|Mixed Platforms.ActiveCfg = Staging|PHP 5.3
		{3EE8DA9E-CB3E-4AFA-B15E-F84DEA963A48}.Staging|Mixed Platforms.Deploy.0 = Staging|PHP 5.3
		{3EE8DA9E-CB3E-4AFA-B15E-F84DEA963A48}.Staging|PHP 5.3.ActiveCfg = Staging|PHP 5.3
		{3EE8DA9E-CB3E-4AFA-B15E-F84DEA963A48}.Staging|PHP 5.3.Deploy.0 = Staging|PHP 5.3
		{3EE8DA9E-CB3E-4AFA-B15E-F84DEA963A48}.Staging|Win32.ActiveCfg = Staging|PHP 5.3
	EndGlobalSection
	GlobalSection(SolutionProperties) = preSolution
		HideSolutionNode = FALSE
	EndGlobalSection
EndGlobal
